
Microsoft Visual Studio Solution File, Format Version 12.00
# Visual Studio Version 16
VisualStudioVersion = 16.0.29424.173
MinimumVisualStudioVersion = 10.0.40219.1
Project("{FAE04EC0-301F-11D3-BF4B-00C04F79EFBC}") = "ClassWork17", "ConsoleApp1\ClassWork17.csproj", "{EFDF8292-2EB4-4B72-B4D8-AEE655DA4159}"
EndProject
Global
	GlobalSection(SolutionConfigurationPlatforms) = preSolution
		Debug|Any CPU = Debug|Any CPU
		Release|Any CPU = Release|Any CPU
	EndGlobalSection
	GlobalSection(ProjectConfigurationPlatforms) = postSolution
		{EFDF8292-2EB4-4B72-B4D8-AEE655DA4159}.Debug|Any CPU.ActiveCfg = Debug|Any CPU
		{EFDF8292-2EB4-4B72-B4D8-AEE655DA4159}.Debug|Any CPU.Build.0 = Debug|Any CPU
		{EFDF8292-2EB4-4B72-B4D8-AEE655DA4159}.Release|Any CPU.ActiveCfg = Release|Any CPU
		{EFDF8292-2EB4-4B72-B4D8-AEE655DA4159}.Release|Any CPU.Build.0 = Release|Any CPU
	EndGlobalSection
	GlobalSection(SolutionProperties) = preSolution
		HideSolutionNode = FALSE
	EndGlobalSection
	GlobalSection(ExtensibilityGlobals) = postSolution
		SolutionGuid = {AACD7F6E-E95F-43CB-AA1E-F96889142B41}
	EndGlobalSection
EndGlobal
