
Microsoft Visual Studio Solution File, Format Version 12.00
# Visual Studio Version 16
VisualStudioVersion = 16.0.29613.14
MinimumVisualStudioVersion = 10.0.40219.1
Project("{FAE04EC0-301F-11D3-BF4B-00C04F79EFBC}") = "HomeWork6_2", "HomeWork6_2\HomeWork6_2.csproj", "{A01F6CB8-8D34-46B2-9BCB-7FDB72C7E586}"
EndProject
Global
	GlobalSection(SolutionConfigurationPlatforms) = preSolution
		Debug|Any CPU = Debug|Any CPU
		Release|Any CPU = Release|Any CPU
	EndGlobalSection
	GlobalSection(ProjectConfigurationPlatforms) = postSolution
		{A01F6CB8-8D34-46B2-9BCB-7FDB72C7E586}.Debug|Any CPU.ActiveCfg = Debug|Any CPU
		{A01F6CB8-8D34-46B2-9BCB-7FDB72C7E586}.Debug|Any CPU.Build.0 = Debug|Any CPU
		{A01F6CB8-8D34-46B2-9BCB-7FDB72C7E586}.Release|Any CPU.ActiveCfg = Release|Any CPU
		{A01F6CB8-8D34-46B2-9BCB-7FDB72C7E586}.Release|Any CPU.Build.0 = Release|Any CPU
	EndGlobalSection
	GlobalSection(SolutionProperties) = preSolution
		HideSolutionNode = FALSE
	EndGlobalSection
	GlobalSection(ExtensibilityGlobals) = postSolution
		SolutionGuid = {7B98945E-0D67-495D-A4C1-19C572EFB919}
	EndGlobalSection
EndGlobal
