
Microsoft Visual Studio Solution File, Format Version 12.00
# Visual Studio Version 16
VisualStudioVersion = 16.0.29613.14
MinimumVisualStudioVersion = 10.0.40219.1
Project("{FAE04EC0-301F-11D3-BF4B-00C04F79EFBC}") = "HomeWork13", "HomeWork13\HomeWork13.csproj", "{0B200C23-EB41-4E77-BF0E-81E9D19F695E}"
EndProject
Global
	GlobalSection(SolutionConfigurationPlatforms) = preSolution
		Debug|Any CPU = Debug|Any CPU
		Release|Any CPU = Release|Any CPU
	EndGlobalSection
	GlobalSection(ProjectConfigurationPlatforms) = postSolution
		{0B200C23-EB41-4E77-BF0E-81E9D19F695E}.Debug|Any CPU.ActiveCfg = Debug|Any CPU
		{0B200C23-EB41-4E77-BF0E-81E9D19F695E}.Debug|Any CPU.Build.0 = Debug|Any CPU
		{0B200C23-EB41-4E77-BF0E-81E9D19F695E}.Release|Any CPU.ActiveCfg = Release|Any CPU
		{0B200C23-EB41-4E77-BF0E-81E9D19F695E}.Release|Any CPU.Build.0 = Release|Any CPU
	EndGlobalSection
	GlobalSection(SolutionProperties) = preSolution
		HideSolutionNode = FALSE
	EndGlobalSection
	GlobalSection(ExtensibilityGlobals) = postSolution
		SolutionGuid = {0BA1B8B5-EB1E-44CA-BC90-CB4DDB065483}
	EndGlobalSection
EndGlobal
