
Microsoft Visual Studio Solution File, Format Version 12.00
# Visual Studio Version 16
VisualStudioVersion = 16.0.29424.173
MinimumVisualStudioVersion = 10.0.40219.1
Project("{FAE04EC0-301F-11D3-BF4B-00C04F79EFBC}") = "ClassWork8_1", "ClassWork8_1\ClassWork8_1.csproj", "{3287DFA0-F829-4E3E-9159-3627515DCAA4}"
EndProject
Global
	GlobalSection(SolutionConfigurationPlatforms) = preSolution
		Debug|Any CPU = Debug|Any CPU
		Release|Any CPU = Release|Any CPU
	EndGlobalSection
	GlobalSection(ProjectConfigurationPlatforms) = postSolution
		{3287DFA0-F829-4E3E-9159-3627515DCAA4}.Debug|Any CPU.ActiveCfg = Debug|Any CPU
		{3287DFA0-F829-4E3E-9159-3627515DCAA4}.Debug|Any CPU.Build.0 = Debug|Any CPU
		{3287DFA0-F829-4E3E-9159-3627515DCAA4}.Release|Any CPU.ActiveCfg = Release|Any CPU
		{3287DFA0-F829-4E3E-9159-3627515DCAA4}.Release|Any CPU.Build.0 = Release|Any CPU
	EndGlobalSection
	GlobalSection(SolutionProperties) = preSolution
		HideSolutionNode = FALSE
	EndGlobalSection
	GlobalSection(ExtensibilityGlobals) = postSolution
		SolutionGuid = {CF128A48-0547-4F32-B78F-1F981DB67503}
	EndGlobalSection
EndGlobal
