
Microsoft Visual Studio Solution File, Format Version 12.00
# Visual Studio Version 16
VisualStudioVersion = 16.0.29424.173
MinimumVisualStudioVersion = 10.0.40219.1
Project("{FAE04EC0-301F-11D3-BF4B-00C04F79EFBC}") = "ClassWork7_1", "ClassWork7_1\ClassWork7_1.csproj", "{EA3C865A-6C6F-4468-B53B-4FF52B89CE26}"
EndProject
Global
	GlobalSection(SolutionConfigurationPlatforms) = preSolution
		Debug|Any CPU = Debug|Any CPU
		Release|Any CPU = Release|Any CPU
	EndGlobalSection
	GlobalSection(ProjectConfigurationPlatforms) = postSolution
		{EA3C865A-6C6F-4468-B53B-4FF52B89CE26}.Debug|Any CPU.ActiveCfg = Debug|Any CPU
		{EA3C865A-6C6F-4468-B53B-4FF52B89CE26}.Debug|Any CPU.Build.0 = Debug|Any CPU
		{EA3C865A-6C6F-4468-B53B-4FF52B89CE26}.Release|Any CPU.ActiveCfg = Release|Any CPU
		{EA3C865A-6C6F-4468-B53B-4FF52B89CE26}.Release|Any CPU.Build.0 = Release|Any CPU
	EndGlobalSection
	GlobalSection(SolutionProperties) = preSolution
		HideSolutionNode = FALSE
	EndGlobalSection
	GlobalSection(ExtensibilityGlobals) = postSolution
		SolutionGuid = {0B8B2351-9244-4373-9568-B217FF86A136}
	EndGlobalSection
EndGlobal
